
Microsoft Visual Studio Solution File, Format Version 12.00
# Visual Studio Version 16
VisualStudioVersion = 16.0.31112.23
MinimumVisualStudioVersion = 10.0.40219.1
Project("{FAE04EC0-301F-11D3-BF4B-00C04F79EFBC}") = "FortniteSettingsParser", "FortniteSettingsParser\FortniteSettingsParser.csproj", "{A73E111C-047F-4493-9ADE-ED21651F9E7A}"
EndProject
Project("{FAE04EC0-301F-11D3-BF4B-00C04F79EFBC}") = "SettingsParserConsole", "SettingsParserConsole\SettingsParserConsole.csproj", "{50E08376-7F57-4AC0-ACD7-A8A59969DE90}"
EndProject
Global
	GlobalSection(SolutionConfigurationPlatforms) = preSolution
		Debug|Any CPU = Debug|Any CPU
		Release|Any CPU = Release|Any CPU
	EndGlobalSection
	GlobalSection(ProjectConfigurationPlatforms) = postSolution
		{A73E111C-047F-4493-9ADE-ED21651F9E7A}.Debug|Any CPU.ActiveCfg = Debug|Any CPU
		{A73E111C-047F-4493-9ADE-ED21651F9E7A}.Debug|Any CPU.Build.0 = Debug|Any CPU
		{A73E111C-047F-4493-9ADE-ED21651F9E7A}.Release|Any CPU.ActiveCfg = Release|Any CPU
		{A73E111C-047F-4493-9ADE-ED21651F9E7A}.Release|Any CPU.Build.0 = Release|Any CPU
		{50E08376-7F57-4AC0-ACD7-A8A59969DE90}.Debug|Any CPU.ActiveCfg = Debug|Any CPU
		{50E08376-7F57-4AC0-ACD7-A8A59969DE90}.Debug|Any CPU.Build.0 = Debug|Any CPU
		{50E08376-7F57-4AC0-ACD7-A8A59969DE90}.Release|Any CPU.ActiveCfg = Release|Any CPU
		{50E08376-7F57-4AC0-ACD7-A8A59969DE90}.Release|Any CPU.Build.0 = Release|Any CPU
	EndGlobalSection
	GlobalSection(SolutionProperties) = preSolution
		HideSolutionNode = FALSE
	EndGlobalSection
	GlobalSection(ExtensibilityGlobals) = postSolution
		SolutionGuid = {A2323A34-2E93-47BB-8010-A027C00B57FF}
	EndGlobalSection
EndGlobal
